github.com/cavaliercoder/grab v3.0.1+incompatible h1:JHkLdLRMRF+WAxj22uB1PjBZUs2iJ8nmmpE1qZL2x1E=
github.com/cavaliercoder/grab v3.0.1+incompatible/go.mod h1:tTBkfNqSBfuMmMBFaO2phgyhdYhiZQ/+iXCZDzcDsMI=
github.com/google/uuid v1.5.0 h1:1p67kYwdtXjb0gL0BPiP1Av9wiZPo5A8z2cWkTZ+eyU=
github.com/google/uuid v1.5.0/go.mod h1:TIyPZe4MgqvfeYDBFedMoGGpEw/LqOeaOT+nhxU+yHo=
